
Microsoft Visual Studio Solution File, Format Version 12.00
# Visual Studio Version 16
VisualStudioVersion = 16.0.30104.148
MinimumVisualStudioVersion = 10.0.40219.1
Project("{FAE04EC0-301F-11D3-BF4B-00C04F79EFBC}") = "Everest_DVD_Store", "Everest_DVD_Store.csproj", "{4021BC77-ECAB-45FB-AF5F-BE7C0A846EF1}"
EndProject
Global
	GlobalSection(SolutionConfigurationPlatforms) = preSolution
		Debug|Any CPU = Debug|Any CPU
		Release|Any CPU = Release|Any CPU
	EndGlobalSection
	GlobalSection(ProjectConfigurationPlatforms) = postSolution
		{4021BC77-ECAB-45FB-AF5F-BE7C0A846EF1}.Debug|Any CPU.ActiveCfg = Debug|Any CPU
		{4021BC77-ECAB-45FB-AF5F-BE7C0A846EF1}.Debug|Any CPU.Build.0 = Debug|Any CPU
		{4021BC77-ECAB-45FB-AF5F-BE7C0A846EF1}.Release|Any CPU.ActiveCfg = Release|Any CPU
		{4021BC77-ECAB-45FB-AF5F-BE7C0A846EF1}.Release|Any CPU.Build.0 = Release|Any CPU
	EndGlobalSection
	GlobalSection(SolutionProperties) = preSolution
		HideSolutionNode = FALSE
	EndGlobalSection
	GlobalSection(ExtensibilityGlobals) = postSolution
		SolutionGuid = {BE73E2E6-BF23-4145-9F61-4D64E4F828ED}
	EndGlobalSection
EndGlobal
